
Microsoft Visual Studio Solution File, Format Version 12.00
# Visual Studio Version 16
VisualStudioVersion = 16.0.29424.173
MinimumVisualStudioVersion = 10.0.40219.1
Project("{8BC9CEB8-8B4A-11D0-8D11-00A0C91BC942}") = "Lab 1", "Lab 1\Lab 1.vcxproj", "{4412C83E-A6D1-4431-B106-A27C0B693A41}"
EndProject
Project("{8BC9CEB8-8B4A-11D0-8D11-00A0C91BC942}") = "function_f", "function_f\function_f.vcxproj", "{6E5FEB1B-89E9-4490-81D4-7E8D28D69838}"
EndProject
Project("{8BC9CEB8-8B4A-11D0-8D11-00A0C91BC942}") = "function_g", "function_g\function_g.vcxproj", "{82C51F75-4F6D-4949-A3E4-FD017412C11F}"
EndProject
Project("{8BC9CEB8-8B4A-11D0-8D11-00A0C91BC942}") = "Cancel_process", "Cancel_process\Cancel_process.vcxproj", "{132507BE-F9A9-497D-9B29-86ADA00F7155}"
EndProject
Global
	GlobalSection(SolutionConfigurationPlatforms) = preSolution
		Debug|x64 = Debug|x64
		Debug|x86 = Debug|x86
		Release|x64 = Release|x64
		Release|x86 = Release|x86
	EndGlobalSection
	GlobalSection(ProjectConfigurationPlatforms) = postSolution
		{4412C83E-A6D1-4431-B106-A27C0B693A41}.Debug|x64.ActiveCfg = Debug|x64
		{4412C83E-A6D1-4431-B106-A27C0B693A41}.Debug|x64.Build.0 = Debug|x64
		{4412C83E-A6D1-4431-B106-A27C0B693A41}.Debug|x86.ActiveCfg = Debug|Win32
		{4412C83E-A6D1-4431-B106-A27C0B693A41}.Debug|x86.Build.0 = Debug|Win32
		{4412C83E-A6D1-4431-B106-A27C0B693A41}.Release|x64.ActiveCfg = Release|x64
		{4412C83E-A6D1-4431-B106-A27C0B693A41}.Release|x64.Build.0 = Release|x64
		{4412C83E-A6D1-4431-B106-A27C0B693A41}.Release|x86.ActiveCfg = Release|Win32
		{4412C83E-A6D1-4431-B106-A27C0B693A41}.Release|x86.Build.0 = Release|Win32
		{6E5FEB1B-89E9-4490-81D4-7E8D28D69838}.Debug|x64.ActiveCfg = Debug|x64
		{6E5FEB1B-89E9-4490-81D4-7E8D28D69838}.Debug|x64.Build.0 = Debug|x64
		{6E5FEB1B-89E9-4490-81D4-7E8D28D69838}.Debug|x86.ActiveCfg = Debug|Win32
		{6E5FEB1B-89E9-4490-81D4-7E8D28D69838}.Debug|x86.Build.0 = Debug|Win32
		{6E5FEB1B-89E9-4490-81D4-7E8D28D69838}.Release|x64.ActiveCfg = Release|x64
		{6E5FEB1B-89E9-4490-81D4-7E8D28D69838}.Release|x64.Build.0 = Release|x64
		{6E5FEB1B-89E9-4490-81D4-7E8D28D69838}.Release|x86.ActiveCfg = Release|Win32
		{6E5FEB1B-89E9-4490-81D4-7E8D28D69838}.Release|x86.Build.0 = Release|Win32
		{82C51F75-4F6D-4949-A3E4-FD017412C11F}.Debug|x64.ActiveCfg = Debug|x64
		{82C51F75-4F6D-4949-A3E4-FD017412C11F}.Debug|x64.Build.0 = Debug|x64
		{82C51F75-4F6D-4949-A3E4-FD017412C11F}.Debug|x86.ActiveCfg = Debug|Win32
		{82C51F75-4F6D-4949-A3E4-FD017412C11F}.Debug|x86.Build.0 = Debug|Win32
		{82C51F75-4F6D-4949-A3E4-FD017412C11F}.Release|x64.ActiveCfg = Release|x64
		{82C51F75-4F6D-4949-A3E4-FD017412C11F}.Release|x64.Build.0 = Release|x64
		{82C51F75-4F6D-4949-A3E4-FD017412C11F}.Release|x86.ActiveCfg = Release|Win32
		{82C51F75-4F6D-4949-A3E4-FD017412C11F}.Release|x86.Build.0 = Release|Win32
		{132507BE-F9A9-497D-9B29-86ADA00F7155}.Debug|x64.ActiveCfg = Debug|x64
		{132507BE-F9A9-497D-9B29-86ADA00F7155}.Debug|x64.Build.0 = Debug|x64
		{132507BE-F9A9-497D-9B29-86ADA00F7155}.Debug|x86.ActiveCfg = Debug|Win32
		{132507BE-F9A9-497D-9B29-86ADA00F7155}.Debug|x86.Build.0 = Debug|Win32
		{132507BE-F9A9-497D-9B29-86ADA00F7155}.Release|x64.ActiveCfg = Release|x64
		{132507BE-F9A9-497D-9B29-86ADA00F7155}.Release|x64.Build.0 = Release|x64
		{132507BE-F9A9-497D-9B29-86ADA00F7155}.Release|x86.ActiveCfg = Release|Win32
		{132507BE-F9A9-497D-9B29-86ADA00F7155}.Release|x86.Build.0 = Release|Win32
	EndGlobalSection
	GlobalSection(SolutionProperties) = preSolution
		HideSolutionNode = FALSE
	EndGlobalSection
	GlobalSection(ExtensibilityGlobals) = postSolution
		SolutionGuid = {44725BA6-0360-463F-8361-871B76485496}
	EndGlobalSection
EndGlobal
